// !$*UTF8*$!
{
	archiveVersion = 1;
	classes = {
	};
	objectVersion = 46;
	objects = {

/* Begin PBXBuildFile section */
		112279E550E12BF5D34C4296 /* Pods_GuardianTests.framework in Frameworks */ = {isa = PBXBuildFile; fileRef = A2C80B61686A58BACE215A70 /* Pods_GuardianTests.framework */; };
		7A051594E3AF0C07B87DF8B8 /* Pods_Guardian.framework in Frameworks */ = {isa = PBXBuildFile; fileRef = 2BB2832488284D5B30F3A7DE /* Pods_Guardian.framework */; };
		E10310EB1E5818F100E50751 /* AppDelegate.swift in Sources */ = {isa = PBXBuildFile; fileRef = E10310EA1E5818F100E50751 /* AppDelegate.swift */; };
		E10310F21E5818F100E50751 /* Assets.xcassets in Resources */ = {isa = PBXBuildFile; fileRef = E10310F11E5818F100E50751 /* Assets.xcassets */; };
		E10310F51E5818F100E50751 /* LaunchScreen.storyboard in Resources */ = {isa = PBXBuildFile; fileRef = E10310F31E5818F100E50751 /* LaunchScreen.storyboard */; };
		E10311001E5818F100E50751 /* GuardianTests.swift in Sources */ = {isa = PBXBuildFile; fileRef = E10310FF1E5818F100E50751 /* GuardianTests.swift */; };
		E103110E1E58191D00E50751 /* OnboardViewController.swift in Sources */ = {isa = PBXBuildFile; fileRef = E103110C1E58191D00E50751 /* OnboardViewController.swift */; };
		E103110F1E58191D00E50751 /* OnboardViewController.xib in Resources */ = {isa = PBXBuildFile; fileRef = E103110D1E58191D00E50751 /* OnboardViewController.xib */; };
		E10311121E58192800E50751 /* StepOneVC.swift in Sources */ = {isa = PBXBuildFile; fileRef = E10311101E58192800E50751 /* StepOneVC.swift */; };
		E10311131E58192800E50751 /* StepOneVC.xib in Resources */ = {isa = PBXBuildFile; fileRef = E10311111E58192800E50751 /* StepOneVC.xib */; };
		E10311161E581A9C00E50751 /* StepTwoVC.swift in Sources */ = {isa = PBXBuildFile; fileRef = E10311141E581A9C00E50751 /* StepTwoVC.swift */; };
		E10311171E581A9C00E50751 /* StepTwoVC.xib in Resources */ = {isa = PBXBuildFile; fileRef = E10311151E581A9C00E50751 /* StepTwoVC.xib */; };
		E103111A1E581ABB00E50751 /* StepThreeVC.swift in Sources */ = {isa = PBXBuildFile; fileRef = E10311181E581ABB00E50751 /* StepThreeVC.swift */; };
		E103111B1E581ABB00E50751 /* StepThreeVC.xib in Resources */ = {isa = PBXBuildFile; fileRef = E10311191E581ABB00E50751 /* StepThreeVC.xib */; };
		E103111E1E581AD200E50751 /* StepFourVC.swift in Sources */ = {isa = PBXBuildFile; fileRef = E103111C1E581AD200E50751 /* StepFourVC.swift */; };
		E103111F1E581AD200E50751 /* StepFourVC.xib in Resources */ = {isa = PBXBuildFile; fileRef = E103111D1E581AD200E50751 /* StepFourVC.xib */; };
		E10311221E581B1C00E50751 /* StepFiveVC.swift in Sources */ = {isa = PBXBuildFile; fileRef = E10311201E581B1C00E50751 /* StepFiveVC.swift */; };
		E10311231E581B1C00E50751 /* StepFiveVC.xib in Resources */ = {isa = PBXBuildFile; fileRef = E10311211E581B1C00E50751 /* StepFiveVC.xib */; };
		E10311251E581E6E00E50751 /* AppCoordinator.swift in Sources */ = {isa = PBXBuildFile; fileRef = E10311241E581E6E00E50751 /* AppCoordinator.swift */; };
		E10311271E581E9800E50751 /* Coordinator.swift in Sources */ = {isa = PBXBuildFile; fileRef = E10311261E581E9800E50751 /* Coordinator.swift */; };
		E103112B1E581FF300E50751 /* DashViewController.swift in Sources */ = {isa = PBXBuildFile; fileRef = E10311291E581FF300E50751 /* DashViewController.swift */; };
		E103112C1E581FF300E50751 /* DashViewController.xib in Resources */ = {isa = PBXBuildFile; fileRef = E103112A1E581FF300E50751 /* DashViewController.xib */; };
		E10311301E58268400E50751 /* Main.storyboard in Resources */ = {isa = PBXBuildFile; fileRef = E103112E1E58268400E50751 /* Main.storyboard */; };
		E10311331E58329A00E50751 /* NetworkManager.swift in Sources */ = {isa = PBXBuildFile; fileRef = E10311321E58329A00E50751 /* NetworkManager.swift */; };
		E10311351E58416300E50751 /* GoogleService-Info.plist in Resources */ = {isa = PBXBuildFile; fileRef = E10311341E58416300E50751 /* GoogleService-Info.plist */; };
		E103113C1E5894DC00E50751 /* LocationManager.swift in Sources */ = {isa = PBXBuildFile; fileRef = E103113B1E5894DC00E50751 /* LocationManager.swift */; };
		E103113F1E589AF800E50751 /* User.swift in Sources */ = {isa = PBXBuildFile; fileRef = E103113E1E589AF800E50751 /* User.swift */; };
		E1B1DAEA1E58AA63002BEF80 /* UserStore.swift in Sources */ = {isa = PBXBuildFile; fileRef = E1B1DAE91E58AA63002BEF80 /* UserStore.swift */; };
/* End PBXBuildFile section */

/* Begin PBXContainerItemProxy section */
		E10310FC1E5818F100E50751 /* PBXContainerItemProxy */ = {
			isa = PBXContainerItemProxy;
			containerPortal = E10310DF1E5818F100E50751 /* Project object */;
			proxyType = 1;
			remoteGlobalIDString = E10310E61E5818F100E50751;
			remoteInfo = Guardian;
		};
/* End PBXContainerItemProxy section */

/* Begin PBXFileReference section */
		01DD44F7C35A09E023EF661B /* Pods-GuardianTests.release.xcconfig */ = {isa = PBXFileReference; includeInIndex = 1; lastKnownFileType = text.xcconfig; name = "Pods-GuardianTests.release.xcconfig"; path = "Pods/Target Support Files/Pods-GuardianTests/Pods-GuardianTests.release.xcconfig"; sourceTree = "<group>"; };
		04A8341DA78DB50A58B8438E /* Pods-Guardian.release.xcconfig */ = {isa = PBXFileReference; includeInIndex = 1; lastKnownFileType = text.xcconfig; name = "Pods-Guardian.release.xcconfig"; path = "Pods/Target Support Files/Pods-Guardian/Pods-Guardian.release.xcconfig"; sourceTree = "<group>"; };
		2BB2832488284D5B30F3A7DE /* Pods_Guardian.framework */ = {isa = PBXFileReference; explicitFileType = wrapper.framework; includeInIndex = 0; path = Pods_Guardian.framework; sourceTree = BUILT_PRODUCTS_DIR; };
		9E991CFA28F7F3CD6268F1D9 /* Pods-Guardian.debug.xcconfig */ = {isa = PBXFileReference; includeInIndex = 1; lastKnownFileType = text.xcconfig; name = "Pods-Guardian.debug.xcconfig"; path = "Pods/Target Support Files/Pods-Guardian/Pods-Guardian.debug.xcconfig"; sourceTree = "<group>"; };
		A2C80B61686A58BACE215A70 /* Pods_GuardianTests.framework */ = {isa = PBXFileReference; explicitFileType = wrapper.framework; includeInIndex = 0; path = Pods_GuardianTests.framework; sourceTree = BUILT_PRODUCTS_DIR; };
		D003B319B0898AA3BBA0A313 /* Pods-GuardianTests.debug.xcconfig */ = {isa = PBXFileReference; includeInIndex = 1; lastKnownFileType = text.xcconfig; name = "Pods-GuardianTests.debug.xcconfig"; path = "Pods/Target Support Files/Pods-GuardianTests/Pods-GuardianTests.debug.xcconfig"; sourceTree = "<group>"; };
		E10310E71E5818F100E50751 /* Guardian.app */ = {isa = PBXFileReference; explicitFileType = wrapper.application; includeInIndex = 0; path = Guardian.app; sourceTree = BUILT_PRODUCTS_DIR; };
		E10310EA1E5818F100E50751 /* AppDelegate.swift */ = {isa = PBXFileReference; lastKnownFileType = sourcecode.swift; path = AppDelegate.swift; sourceTree = "<group>"; };
		E10310F11E5818F100E50751 /* Assets.xcassets */ = {isa = PBXFileReference; lastKnownFileType = folder.assetcatalog; path = Assets.xcassets; sourceTree = "<group>"; };
		E10310F41E5818F100E50751 /* Base */ = {isa = PBXFileReference; lastKnownFileType = file.storyboard; name = Base; path = Base.lproj/LaunchScreen.storyboard; sourceTree = "<group>"; };
		E10310F61E5818F100E50751 /* Info.plist */ = {isa = PBXFileReference; lastKnownFileType = text.plist.xml; path = Info.plist; sourceTree = "<group>"; };
		E10310FB1E5818F100E50751 /* GuardianTests.xctest */ = {isa = PBXFileReference; explicitFileType = wrapper.cfbundle; includeInIndex = 0; path = GuardianTests.xctest; sourceTree = BUILT_PRODUCTS_DIR; };
		E10310FF1E5818F100E50751 /* GuardianTests.swift */ = {isa = PBXFileReference; lastKnownFileType = sourcecode.swift; path = GuardianTests.swift; sourceTree = "<group>"; };
		E10311011E5818F100E50751 /* Info.plist */ = {isa = PBXFileReference; lastKnownFileType = text.plist.xml; path = Info.plist; sourceTree = "<group>"; };
		E103110C1E58191D00E50751 /* OnboardViewController.swift */ = {isa = PBXFileReference; fileEncoding = 4; lastKnownFileType = sourcecode.swift; name = OnboardViewController.swift; path = Onboard/OnboardViewController.swift; sourceTree = "<group>"; };
		E103110D1E58191D00E50751 /* OnboardViewController.xib */ = {isa = PBXFileReference; fileEncoding = 4; lastKnownFileType = file.xib; name = OnboardViewController.xib; path = Onboard/OnboardViewController.xib; sourceTree = "<group>"; };
		E10311101E58192800E50751 /* StepOneVC.swift */ = {isa = PBXFileReference; fileEncoding = 4; lastKnownFileType = sourcecode.swift; name = StepOneVC.swift; path = Onboard/Pages/StepOneVC.swift; sourceTree = "<group>"; };
		E10311111E58192800E50751 /* StepOneVC.xib */ = {isa = PBXFileReference; fileEncoding = 4; lastKnownFileType = file.xib; name = StepOneVC.xib; path = Onboard/Pages/StepOneVC.xib; sourceTree = "<group>"; };
		E10311141E581A9C00E50751 /* StepTwoVC.swift */ = {isa = PBXFileReference; fileEncoding = 4; lastKnownFileType = sourcecode.swift; name = StepTwoVC.swift; path = Onboard/Pages/StepTwoVC.swift; sourceTree = "<group>"; };
		E10311151E581A9C00E50751 /* StepTwoVC.xib */ = {isa = PBXFileReference; fileEncoding = 4; lastKnownFileType = file.xib; name = StepTwoVC.xib; path = Onboard/Pages/StepTwoVC.xib; sourceTree = "<group>"; };
		E10311181E581ABB00E50751 /* StepThreeVC.swift */ = {isa = PBXFileReference; fileEncoding = 4; lastKnownFileType = sourcecode.swift; name = StepThreeVC.swift; path = Onboard/Pages/StepThreeVC.swift; sourceTree = "<group>"; };
		E10311191E581ABB00E50751 /* StepThreeVC.xib */ = {isa = PBXFileReference; fileEncoding = 4; lastKnownFileType = file.xib; name = StepThreeVC.xib; path = Onboard/Pages/StepThreeVC.xib; sourceTree = "<group>"; };
		E103111C1E581AD200E50751 /* StepFourVC.swift */ = {isa = PBXFileReference; fileEncoding = 4; lastKnownFileType = sourcecode.swift; name = StepFourVC.swift; path = Onboard/Pages/StepFourVC.swift; sourceTree = "<group>"; };
		E103111D1E581AD200E50751 /* StepFourVC.xib */ = {isa = PBXFileReference; fileEncoding = 4; lastKnownFileType = file.xib; name = StepFourVC.xib; path = Onboard/Pages/StepFourVC.xib; sourceTree = "<group>"; };
		E10311201E581B1C00E50751 /* StepFiveVC.swift */ = {isa = PBXFileReference; fileEncoding = 4; lastKnownFileType = sourcecode.swift; name = StepFiveVC.swift; path = Onboard/Pages/StepFiveVC.swift; sourceTree = "<group>"; };
		E10311211E581B1C00E50751 /* StepFiveVC.xib */ = {isa = PBXFileReference; fileEncoding = 4; lastKnownFileType = file.xib; name = StepFiveVC.xib; path = Onboard/Pages/StepFiveVC.xib; sourceTree = "<group>"; };
		E10311241E581E6E00E50751 /* AppCoordinator.swift */ = {isa = PBXFileReference; fileEncoding = 4; lastKnownFileType = sourcecode.swift; name = AppCoordinator.swift; path = Coordinators/AppCoordinator.swift; sourceTree = "<group>"; };
		E10311261E581E9800E50751 /* Coordinator.swift */ = {isa = PBXFileReference; fileEncoding = 4; lastKnownFileType = sourcecode.swift; name = Coordinator.swift; path = Coordinators/Coordinator.swift; sourceTree = "<group>"; };
		E10311291E581FF300E50751 /* DashViewController.swift */ = {isa = PBXFileReference; fileEncoding = 4; lastKnownFileType = sourcecode.swift; name = DashViewController.swift; path = Dash/DashViewController.swift; sourceTree = "<group>"; };
		E103112A1E581FF300E50751 /* DashViewController.xib */ = {isa = PBXFileReference; fileEncoding = 4; lastKnownFileType = file.xib; name = DashViewController.xib; path = Dash/DashViewController.xib; sourceTree = "<group>"; };
		E103112F1E58268400E50751 /* Base */ = {isa = PBXFileReference; lastKnownFileType = file.storyboard; name = Base; path = Base.lproj/Main.storyboard; sourceTree = "<group>"; };
		E10311321E58329A00E50751 /* NetworkManager.swift */ = {isa = PBXFileReference; fileEncoding = 4; lastKnownFileType = sourcecode.swift; name = NetworkManager.swift; path = Network/NetworkManager.swift; sourceTree = "<group>"; };
		E10311341E58416300E50751 /* GoogleService-Info.plist */ = {isa = PBXFileReference; fileEncoding = 4; lastKnownFileType = text.plist.xml; path = "GoogleService-Info.plist"; sourceTree = "<group>"; };
		E10311361E58706B00E50751 /* Guardian-Bridging-Header.h */ = {isa = PBXFileReference; lastKnownFileType = sourcecode.c.h; path = "Guardian-Bridging-Header.h"; sourceTree = "<group>"; };
		E103113B1E5894DC00E50751 /* LocationManager.swift */ = {isa = PBXFileReference; fileEncoding = 4; lastKnownFileType = sourcecode.swift; name = LocationManager.swift; path = Location/LocationManager.swift; sourceTree = "<group>"; };
		E103113E1E589AF800E50751 /* User.swift */ = {isa = PBXFileReference; fileEncoding = 4; lastKnownFileType = sourcecode.swift; name = User.swift; path = Models/User.swift; sourceTree = "<group>"; };
		E1B1DAE91E58AA63002BEF80 /* UserStore.swift */ = {isa = PBXFileReference; fileEncoding = 4; lastKnownFileType = sourcecode.swift; name = UserStore.swift; path = Models/UserStore.swift; sourceTree = "<group>"; };
/* End PBXFileReference section */

/* Begin PBXFrameworksBuildPhase section */
		E10310E41E5818F100E50751 /* Frameworks */ = {
			isa = PBXFrameworksBuildPhase;
			buildActionMask = 2147483647;
			files = (
				7A051594E3AF0C07B87DF8B8 /* Pods_Guardian.framework in Frameworks */,
			);
			runOnlyForDeploymentPostprocessing = 0;
		};
		E10310F81E5818F100E50751 /* Frameworks */ = {
			isa = PBXFrameworksBuildPhase;
			buildActionMask = 2147483647;
			files = (
				112279E550E12BF5D34C4296 /* Pods_GuardianTests.framework in Frameworks */,
			);
			runOnlyForDeploymentPostprocessing = 0;
		};
/* End PBXFrameworksBuildPhase section */

/* Begin PBXGroup section */
		36DD0FB91161E1E654BCCDF0 /* Pods */ = {
			isa = PBXGroup;
			children = (
				9E991CFA28F7F3CD6268F1D9 /* Pods-Guardian.debug.xcconfig */,
				04A8341DA78DB50A58B8438E /* Pods-Guardian.release.xcconfig */,
				D003B319B0898AA3BBA0A313 /* Pods-GuardianTests.debug.xcconfig */,
				01DD44F7C35A09E023EF661B /* Pods-GuardianTests.release.xcconfig */,
			);
			name = Pods;
			sourceTree = "<group>";
		};
		9906DC2EAEA982EB4659BDEB /* Frameworks */ = {
			isa = PBXGroup;
			children = (
				2BB2832488284D5B30F3A7DE /* Pods_Guardian.framework */,
				A2C80B61686A58BACE215A70 /* Pods_GuardianTests.framework */,
			);
			name = Frameworks;
			sourceTree = "<group>";
		};
		E10310DE1E5818F100E50751 = {
			isa = PBXGroup;
			children = (
				E10310E91E5818F100E50751 /* Guardian */,
				E10310FE1E5818F100E50751 /* GuardianTests */,
				E10310E81E5818F100E50751 /* Products */,
				36DD0FB91161E1E654BCCDF0 /* Pods */,
				9906DC2EAEA982EB4659BDEB /* Frameworks */,
			);
			sourceTree = "<group>";
		};
		E10310E81E5818F100E50751 /* Products */ = {
			isa = PBXGroup;
			children = (
				E10310E71E5818F100E50751 /* Guardian.app */,
				E10310FB1E5818F100E50751 /* GuardianTests.xctest */,
			);
			name = Products;
			sourceTree = "<group>";
		};
		E10310E91E5818F100E50751 /* Guardian */ = {
			isa = PBXGroup;
			children = (
				E103113D1E589AEB00E50751 /* Models */,
				E103113A1E5894C800E50751 /* Location */,
				E10311341E58416300E50751 /* GoogleService-Info.plist */,
				E10311311E58328600E50751 /* Network */,
				E103112D1E58257500E50751 /* Coordinators */,
				E10311281E581FDE00E50751 /* Dash */,
				E103110A1E5818FF00E50751 /* Onboard */,
				E10310EA1E5818F100E50751 /* AppDelegate.swift */,
				E10310F11E5818F100E50751 /* Assets.xcassets */,
				E103112E1E58268400E50751 /* Main.storyboard */,
				E10310F31E5818F100E50751 /* LaunchScreen.storyboard */,
				E10310F61E5818F100E50751 /* Info.plist */,
				E10311361E58706B00E50751 /* Guardian-Bridging-Header.h */,
			);
			path = Guardian;
			sourceTree = "<group>";
		};
		E10310FE1E5818F100E50751 /* GuardianTests */ = {
			isa = PBXGroup;
			children = (
				E10310FF1E5818F100E50751 /* GuardianTests.swift */,
				E10311011E5818F100E50751 /* Info.plist */,
			);
			path = GuardianTests;
			sourceTree = "<group>";
		};
		E103110A1E5818FF00E50751 /* Onboard */ = {
			isa = PBXGroup;
			children = (
				E103110C1E58191D00E50751 /* OnboardViewController.swift */,
				E103110D1E58191D00E50751 /* OnboardViewController.xib */,
				E103110B1E58190800E50751 /* Pages */,
			);
			name = Onboard;
			sourceTree = "<group>";
		};
		E103110B1E58190800E50751 /* Pages */ = {
			isa = PBXGroup;
			children = (
				E10311101E58192800E50751 /* StepOneVC.swift */,
				E10311111E58192800E50751 /* StepOneVC.xib */,
				E10311141E581A9C00E50751 /* StepTwoVC.swift */,
				E10311151E581A9C00E50751 /* StepTwoVC.xib */,
				E10311181E581ABB00E50751 /* StepThreeVC.swift */,
				E10311191E581ABB00E50751 /* StepThreeVC.xib */,
				E103111C1E581AD200E50751 /* StepFourVC.swift */,
				E103111D1E581AD200E50751 /* StepFourVC.xib */,
				E10311201E581B1C00E50751 /* StepFiveVC.swift */,
				E10311211E581B1C00E50751 /* StepFiveVC.xib */,
			);
			name = Pages;
			sourceTree = "<group>";
		};
		E10311281E581FDE00E50751 /* Dash */ = {
			isa = PBXGroup;
			children = (
				E10311291E581FF300E50751 /* DashViewController.swift */,
				E103112A1E581FF300E50751 /* DashViewController.xib */,
			);
			name = Dash;
			sourceTree = "<group>";
		};
		E103112D1E58257500E50751 /* Coordinators */ = {
			isa = PBXGroup;
			children = (
				E10311241E581E6E00E50751 /* AppCoordinator.swift */,
				E10311261E581E9800E50751 /* Coordinator.swift */,
			);
			name = Coordinators;
			sourceTree = "<group>";
		};
		E10311311E58328600E50751 /* Network */ = {
			isa = PBXGroup;
			children = (
				E10311321E58329A00E50751 /* NetworkManager.swift */,
			);
			name = Network;
			sourceTree = "<group>";
		};
		E103113A1E5894C800E50751 /* Location */ = {
			isa = PBXGroup;
			children = (
				E103113B1E5894DC00E50751 /* LocationManager.swift */,
			);
			name = Location;
			sourceTree = "<group>";
		};
		E103113D1E589AEB00E50751 /* Models */ = {
			isa = PBXGroup;
			children = (
				E103113E1E589AF800E50751 /* User.swift */,
				E1B1DAE91E58AA63002BEF80 /* UserStore.swift */,
			);
			name = Models;
			sourceTree = "<group>";
		};
/* End PBXGroup section */

/* Begin PBXNativeTarget section */
		E10310E61E5818F100E50751 /* Guardian */ = {
			isa = PBXNativeTarget;
			buildConfigurationList = E10311041E5818F100E50751 /* Build configuration list for PBXNativeTarget "Guardian" */;
			buildPhases = (
				4BA216BB597EB51A174D6B91 /* [CP] Check Pods Manifest.lock */,
				E10310E31E5818F100E50751 /* Sources */,
				E10310E41E5818F100E50751 /* Frameworks */,
				E10310E51E5818F100E50751 /* Resources */,
				412C3B2ADCB47C1ACD5EAC19 /* [CP] Embed Pods Frameworks */,
				57E6826364D07E5A442D56FD /* [CP] Copy Pods Resources */,
			);
			buildRules = (
			);
			dependencies = (
			);
			name = Guardian;
			productName = Guardian;
			productReference = E10310E71E5818F100E50751 /* Guardian.app */;
			productType = "com.apple.product-type.application";
		};
		E10310FA1E5818F100E50751 /* GuardianTests */ = {
			isa = PBXNativeTarget;
			buildConfigurationList = E10311071E5818F100E50751 /* Build configuration list for PBXNativeTarget "GuardianTests" */;
			buildPhases = (
				D4861FEC439240EACBECCD53 /* [CP] Check Pods Manifest.lock */,
				E10310F71E5818F100E50751 /* Sources */,
				E10310F81E5818F100E50751 /* Frameworks */,
				E10310F91E5818F100E50751 /* Resources */,
				ED18E6EF2D60A49C70175087 /* [CP] Embed Pods Frameworks */,
				5ED66F34694D8CE6F84FDCCB /* [CP] Copy Pods Resources */,
			);
			buildRules = (
			);
			dependencies = (
				E10310FD1E5818F100E50751 /* PBXTargetDependency */,
			);
			name = GuardianTests;
			productName = GuardianTests;
			productReference = E10310FB1E5818F100E50751 /* GuardianTests.xctest */;
			productType = "com.apple.product-type.bundle.unit-test";
		};
/* End PBXNativeTarget section */

/* Begin PBXProject section */
		E10310DF1E5818F100E50751 /* Project object */ = {
			isa = PBXProject;
			attributes = {
				LastSwiftUpdateCheck = 0820;
				LastUpgradeCheck = 0820;
				ORGANIZATIONNAME = "Sergio Puleri";
				TargetAttributes = {
					E10310E61E5818F100E50751 = {
						CreatedOnToolsVersion = 8.2.1;
						DevelopmentTeam = 53T6WGJL5K;
						LastSwiftMigration = 0820;
						ProvisioningStyle = Automatic;
					};
					E10310FA1E5818F100E50751 = {
						CreatedOnToolsVersion = 8.2.1;
						ProvisioningStyle = Automatic;
						TestTargetID = E10310E61E5818F100E50751;
					};
				};
			};
			buildConfigurationList = E10310E21E5818F100E50751 /* Build configuration list for PBXProject "Guardian" */;
			compatibilityVersion = "Xcode 3.2";
			developmentRegion = English;
			hasScannedForEncodings = 0;
			knownRegions = (
				en,
				Base,
			);
			mainGroup = E10310DE1E5818F100E50751;
			productRefGroup = E10310E81E5818F100E50751 /* Products */;
			projectDirPath = "";
			projectRoot = "";
			targets = (
				E10310E61E5818F100E50751 /* Guardian */,
				E10310FA1E5818F100E50751 /* GuardianTests */,
			);
		};
/* End PBXProject section */

/* Begin PBXResourcesBuildPhase section */
		E10310E51E5818F100E50751 /* Resources */ = {
			isa = PBXResourcesBuildPhase;
			buildActionMask = 2147483647;
			files = (
				E103111F1E581AD200E50751 /* StepFourVC.xib in Resources */,
				E10311301E58268400E50751 /* Main.storyboard in Resources */,
				E10310F51E5818F100E50751 /* LaunchScreen.storyboard in Resources */,
				E10310F21E5818F100E50751 /* Assets.xcassets in Resources */,
				E10311231E581B1C00E50751 /* StepFiveVC.xib in Resources */,
				E103112C1E581FF300E50751 /* DashViewController.xib in Resources */,
				E10311131E58192800E50751 /* StepOneVC.xib in Resources */,
				E103111B1E581ABB00E50751 /* StepThreeVC.xib in Resources */,
				E10311351E58416300E50751 /* GoogleService-Info.plist in Resources */,
				E10311171E581A9C00E50751 /* StepTwoVC.xib in Resources */,
				E103110F1E58191D00E50751 /* OnboardViewController.xib in Resources */,
			);
			runOnlyForDeploymentPostprocessing = 0;
		};
		E10310F91E5818F100E50751 /* Resources */ = {
			isa = PBXResourcesBuildPhase;
			buildActionMask = 2147483647;
			files = (
			);
			runOnlyForDeploymentPostprocessing = 0;
		};
/* End PBXResourcesBuildPhase section */

/* Begin PBXShellScriptBuildPhase section */
		412C3B2ADCB47C1ACD5EAC19 /* [CP] Embed Pods Frameworks */ = {
			isa = PBXShellScriptBuildPhase;
			buildActionMask = 2147483647;
			files = (
			);
			inputPaths = (
			);
			name = "[CP] Embed Pods Frameworks";
			outputPaths = (
			);
			runOnlyForDeploymentPostprocessing = 0;
			shellPath = /bin/sh;
			shellScript = "\"${SRCROOT}/Pods/Target Support Files/Pods-Guardian/Pods-Guardian-frameworks.sh\"\n";
			showEnvVarsInLog = 0;
		};
		4BA216BB597EB51A174D6B91 /* [CP] Check Pods Manifest.lock */ = {
			isa = PBXShellScriptBuildPhase;
			buildActionMask = 2147483647;
			files = (
			);
			inputPaths = (
			);
			name = "[CP] Check Pods Manifest.lock";
			outputPaths = (
			);
			runOnlyForDeploymentPostprocessing = 0;
			shellPath = /bin/sh;
			shellScript = "diff \"${PODS_ROOT}/../Podfile.lock\" \"${PODS_ROOT}/Manifest.lock\" > /dev/null\nif [ $? != 0 ] ; then\n    # print error to STDERR\n    echo \"error: The sandbox is not in sync with the Podfile.lock. Run 'pod install' or update your CocoaPods installation.\" >&2\n    exit 1\nfi\n";
			showEnvVarsInLog = 0;
		};
		57E6826364D07E5A442D56FD /* [CP] Copy Pods Resources */ = {
			isa = PBXShellScriptBuildPhase;
			buildActionMask = 2147483647;
			files = (
			);
			inputPaths = (
			);
			name = "[CP] Copy Pods Resources";
			outputPaths = (
			);
			runOnlyForDeploymentPostprocessing = 0;
			shellPath = /bin/sh;
			shellScript = "\"${SRCROOT}/Pods/Target Support Files/Pods-Guardian/Pods-Guardian-resources.sh\"\n";
			showEnvVarsInLog = 0;
		};
		5ED66F34694D8CE6F84FDCCB /* [CP] Copy Pods Resources */ = {
			isa = PBXShellScriptBuildPhase;
			buildActionMask = 2147483647;
			files = (
			);
			inputPaths = (
			);
			name = "[CP] Copy Pods Resources";
			outputPaths = (
			);
			runOnlyForDeploymentPostprocessing = 0;
			shellPath = /bin/sh;
			shellScript = "\"${SRCROOT}/Pods/Target Support Files/Pods-GuardianTests/Pods-GuardianTests-resources.sh\"\n";
			showEnvVarsInLog = 0;
		};
		D4861FEC439240EACBECCD53 /* [CP] Check Pods Manifest.lock */ = {
			isa = PBXShellScriptBuildPhase;
			buildActionMask = 2147483647;
			files = (
			);
			inputPaths = (
			);
			name = "[CP] Check Pods Manifest.lock";
			outputPaths = (
			);
			runOnlyForDeploymentPostprocessing = 0;
			shellPath = /bin/sh;
			shellScript = "diff \"${PODS_ROOT}/../Podfile.lock\" \"${PODS_ROOT}/Manifest.lock\" > /dev/null\nif [ $? != 0 ] ; then\n    # print error to STDERR\n    echo \"error: The sandbox is not in sync with the Podfile.lock. Run 'pod install' or update your CocoaPods installation.\" >&2\n    exit 1\nfi\n";
			showEnvVarsInLog = 0;
		};
		ED18E6EF2D60A49C70175087 /* [CP] Embed Pods Frameworks */ = {
			isa = PBXShellScriptBuildPhase;
			buildActionMask = 2147483647;
			files = (
			);
			inputPaths = (
			);
			name = "[CP] Embed Pods Frameworks";
			outputPaths = (
			);
			runOnlyForDeploymentPostprocessing = 0;
			shellPath = /bin/sh;
			shellScript = "\"${SRCROOT}/Pods/Target Support Files/Pods-GuardianTests/Pods-GuardianTests-frameworks.sh\"\n";
			showEnvVarsInLog = 0;
		};
/* End PBXShellScriptBuildPhase section */

/* Begin PBXSourcesBuildPhase section */
		E10310E31E5818F100E50751 /* Sources */ = {
			isa = PBXSourcesBuildPhase;
			buildActionMask = 2147483647;
			files = (
				E103113F1E589AF800E50751 /* User.swift in Sources */,
				E10311161E581A9C00E50751 /* StepTwoVC.swift in Sources */,
				E10311271E581E9800E50751 /* Coordinator.swift in Sources */,
				E103112B1E581FF300E50751 /* DashViewController.swift in Sources */,
				E10311221E581B1C00E50751 /* StepFiveVC.swift in Sources */,
				E10311331E58329A00E50751 /* NetworkManager.swift in Sources */,
				E10311121E58192800E50751 /* StepOneVC.swift in Sources */,
				E10310EB1E5818F100E50751 /* AppDelegate.swift in Sources */,
				E1B1DAEA1E58AA63002BEF80 /* UserStore.swift in Sources */,
				E103110E1E58191D00E50751 /* OnboardViewController.swift in Sources */,
				E103113C1E5894DC00E50751 /* LocationManager.swift in Sources */,
				E10311251E581E6E00E50751 /* AppCoordinator.swift in Sources */,
				E103111E1E581AD200E50751 /* StepFourVC.swift in Sources */,
				E103111A1E581ABB00E50751 /* StepThreeVC.swift in Sources */,
			);
			runOnlyForDeploymentPostprocessing = 0;
		};
		E10310F71E5818F100E50751 /* Sources */ = {
			isa = PBXSourcesBuildPhase;
			buildActionMask = 2147483647;
			files = (
				E10311001E5818F100E50751 /* GuardianTests.swift in Sources */,
			);
			runOnlyForDeploymentPostprocessing = 0;
		};
/* End PBXSourcesBuildPhase section */

/* Begin PBXTargetDependency section */
		E10310FD1E5818F100E50751 /* PBXTargetDependency */ = {
			isa = PBXTargetDependency;
			target = E10310E61E5818F100E50751 /* Guardian */;
			targetProxy = E10310FC1E5818F100E50751 /* PBXContainerItemProxy */;
		};
/* End PBXTargetDependency section */

/* Begin PBXVariantGroup section */
		E10310F31E5818F100E50751 /* LaunchScreen.storyboard */ = {
			isa = PBXVariantGroup;
			children = (
				E10310F41E5818F100E50751 /* Base */,
			);
			name = LaunchScreen.storyboard;
			sourceTree = "<group>";
		};
		E103112E1E58268400E50751 /* Main.storyboard */ = {
			isa = PBXVariantGroup;
			children = (
				E103112F1E58268400E50751 /* Base */,
			);
			name = Main.storyboard;
			sourceTree = "<group>";
		};
/* End PBXVariantGroup section */

/* Begin XCBuildConfiguration section */
		E10311021E5818F100E50751 /* Debug */ = {
			isa = XCBuildConfiguration;
			buildSettings = {
				ALWAYS_SEARCH_USER_PATHS = NO;
				CLANG_ANALYZER_NONNULL = YES;
				CLANG_CXX_LANGUAGE_STANDARD = "gnu++0x";
				CLANG_CXX_LIBRARY = "libc++";
				CLANG_ENABLE_MODULES = YES;
				CLANG_ENABLE_OBJC_ARC = YES;
				CLANG_WARN_BOOL_CONVERSION = YES;
				CLANG_WARN_CONSTANT_CONVERSION = YES;
				CLANG_WARN_DIRECT_OBJC_ISA_USAGE = YES_ERROR;
				CLANG_WARN_DOCUMENTATION_COMMENTS = YES;
				CLANG_WARN_EMPTY_BODY = YES;
				CLANG_WARN_ENUM_CONVERSION = YES;
				CLANG_WARN_INFINITE_RECURSION = YES;
				CLANG_WARN_INT_CONVERSION = YES;
				CLANG_WARN_OBJC_ROOT_CLASS = YES_ERROR;
				CLANG_WARN_SUSPICIOUS_MOVE = YES;
				CLANG_WARN_UNREACHABLE_CODE = YES;
				CLANG_WARN__DUPLICATE_METHOD_MATCH = YES;
				"CODE_SIGN_IDENTITY[sdk=iphoneos*]" = "iPhone Developer";
				COPY_PHASE_STRIP = NO;
				DEBUG_INFORMATION_FORMAT = dwarf;
				ENABLE_STRICT_OBJC_MSGSEND = YES;
				ENABLE_TESTABILITY = YES;
				GCC_C_LANGUAGE_STANDARD = gnu99;
				GCC_DYNAMIC_NO_PIC = NO;
				GCC_NO_COMMON_BLOCKS = YES;
				GCC_OPTIMIZATION_LEVEL = 0;
				GCC_PREPROCESSOR_DEFINITIONS = (
					"DEBUG=1",
					"$(inherited)",
				);
				GCC_WARN_64_TO_32_BIT_CONVERSION = YES;
				GCC_WARN_ABOUT_RETURN_TYPE = YES_ERROR;
				GCC_WARN_UNDECLARED_SELECTOR = YES;
				GCC_WARN_UNINITIALIZED_AUTOS = YES_AGGRESSIVE;
				GCC_WARN_UNUSED_FUNCTION = YES;
				GCC_WARN_UNUSED_VARIABLE = YES;
				IPHONEOS_DEPLOYMENT_TARGET = 10.2;
				MTL_ENABLE_DEBUG_INFO = YES;
				ONLY_ACTIVE_ARCH = YES;
				SDKROOT = iphoneos;
				SWIFT_ACTIVE_COMPILATION_CONDITIONS = DEBUG;
				SWIFT_OPTIMIZATION_LEVEL = "-Onone";
			};
			name = Debug;
		};
		E10311031E5818F100E50751 /* Release */ = {
			isa = XCBuildConfiguration;
			buildSettings = {
				ALWAYS_SEARCH_USER_PATHS = NO;
				CLANG_ANALYZER_NONNULL = YES;
				CLANG_CXX_LANGUAGE_STANDARD = "gnu++0x";
				CLANG_CXX_LIBRARY = "libc++";
				CLANG_ENABLE_MODULES = YES;
				CLANG_ENABLE_OBJC_ARC = YES;
				CLANG_WARN_BOOL_CONVERSION = YES;
				CLANG_WARN_CONSTANT_CONVERSION = YES;
				CLANG_WARN_DIRECT_OBJC_ISA_USAGE = YES_ERROR;
				CLANG_WARN_DOCUMENTATION_COMMENTS = YES;
				CLANG_WARN_EMPTY_BODY = YES;
				CLANG_WARN_ENUM_CONVERSION = YES;
				CLANG_WARN_INFINITE_RECURSION = YES;
				CLANG_WARN_INT_CONVERSION = YES;
				CLANG_WARN_OBJC_ROOT_CLASS = YES_ERROR;
				CLANG_WARN_SUSPICIOUS_MOVE = YES;
				CLANG_WARN_UNREACHABLE_CODE = YES;
				CLANG_WARN__DUPLICATE_METHOD_MATCH = YES;
				"CODE_SIGN_IDENTITY[sdk=iphoneos*]" = "iPhone Developer";
				COPY_PHASE_STRIP = NO;
				DEBUG_INFORMATION_FORMAT = "dwarf-with-dsym";
				ENABLE_NS_ASSERTIONS = NO;
				ENABLE_STRICT_OBJC_MSGSEND = YES;
				GCC_C_LANGUAGE_STANDARD = gnu99;
				GCC_NO_COMMON_BLOCKS = YES;
				GCC_WARN_64_TO_32_BIT_CONVERSION = YES;
				GCC_WARN_ABOUT_RETURN_TYPE = YES_ERROR;
				GCC_WARN_UNDECLARED_SELECTOR = YES;
				GCC_WARN_UNINITIALIZED_AUTOS = YES_AGGRESSIVE;
				GCC_WARN_UNUSED_FUNCTION = YES;
				GCC_WARN_UNUSED_VARIABLE = YES;
				IPHONEOS_DEPLOYMENT_TARGET = 10.2;
				MTL_ENABLE_DEBUG_INFO = NO;
				SDKROOT = iphoneos;
				SWIFT_OPTIMIZATION_LEVEL = "-Owholemodule";
				VALIDATE_PRODUCT = YES;
			};
			name = Release;
		};
		E10311051E5818F100E50751 /* Debug */ = {
			isa = XCBuildConfiguration;
			baseConfigurationReference = 9E991CFA28F7F3CD6268F1D9 /* Pods-Guardian.debug.xcconfig */;
			buildSettings = {
				ASSETCATALOG_COMPILER_APPICON_NAME = AppIcon;
				CLANG_ENABLE_MODULES = YES;
				DEVELOPMENT_TEAM = 53T6WGJL5K;
				INFOPLIST_FILE = Guardian/Info.plist;
				LD_RUNPATH_SEARCH_PATHS = "$(inherited) @executable_path/Frameworks";
				PRODUCT_BUNDLE_IDENTIFIER = com.spuleri.Guardian;
				PRODUCT_NAME = "$(TARGET_NAME)";
				SWIFT_OBJC_BRIDGING_HEADER = "Guardian/Guardian-Bridging-Header.h";
				SWIFT_OPTIMIZATION_LEVEL = "-Onone";
				SWIFT_VERSION = 3.0;
			};
			name = Debug;
		};
		E10311061E5818F100E50751 /* Release */ = {
			isa = XCBuildConfiguration;
			baseConfigurationReference = 04A8341DA78DB50A58B8438E /* Pods-Guardian.release.xcconfig */;
			buildSettings = {
				ASSETCATALOG_COMPILER_APPICON_NAME = AppIcon;
				CLANG_ENABLE_MODULES = YES;
				DEVELOPMENT_TEAM = 53T6WGJL5K;
				INFOPLIST_FILE = Guardian/Info.plist;
				LD_RUNPATH_SEARCH_PATHS = "$(inherited) @executable_path/Frameworks";
				PRODUCT_BUNDLE_IDENTIFIER = com.spuleri.Guardian;
				PRODUCT_NAME = "$(TARGET_NAME)";
				SWIFT_OBJC_BRIDGING_HEADER = "Guardian/Guardian-Bridging-Header.h";
				SWIFT_VERSION = 3.0;
			};
			name = Release;
		};
		E10311081E5818F100E50751 /* Debug */ = {
			isa = XCBuildConfiguration;
			baseConfigurationReference = D003B319B0898AA3BBA0A313 /* Pods-GuardianTests.debug.xcconfig */;
			buildSettings = {
				ALWAYS_EMBED_SWIFT_STANDARD_LIBRARIES = YES;
				BUNDLE_LOADER = "$(TEST_HOST)";
				INFOPLIST_FILE = GuardianTests/Info.plist;
				LD_RUNPATH_SEARCH_PATHS = "$(inherited) @executable_path/Frameworks @loader_path/Frameworks";
				PRODUCT_BUNDLE_IDENTIFIER = com.spuleri.GuardianTests;
				PRODUCT_NAME = "$(TARGET_NAME)";
				SWIFT_VERSION = 3.0;
				TEST_HOST = "$(BUILT_PRODUCTS_DIR)/Guardian.app/Guardian";
			};
			name = Debug;
		};
		E10311091E5818F100E50751 /* Release */ = {
			isa = XCBuildConfiguration;
			baseConfigurationReference = 01DD44F7C35A09E023EF661B /* Pods-GuardianTests.release.xcconfig */;
			buildSettings = {
				ALWAYS_EMBED_SWIFT_STANDARD_LIBRARIES = YES;
				BUNDLE_LOADER = "$(TEST_HOST)";
				INFOPLIST_FILE = GuardianTests/Info.plist;
				LD_RUNPATH_SEARCH_PATHS = "$(inherited) @executable_path/Frameworks @loader_path/Frameworks";
				PRODUCT_BUNDLE_IDENTIFIER = com.spuleri.GuardianTests;
				PRODUCT_NAME = "$(TARGET_NAME)";
				SWIFT_VERSION = 3.0;
				TEST_HOST = "$(BUILT_PRODUCTS_DIR)/Guardian.app/Guardian";
			};
			name = Release;
		};
/* End XCBuildConfiguration section */

/* Begin XCConfigurationList section */
		E10310E21E5818F100E50751 /* Build configuration list for PBXProject "Guardian" */ = {
			isa = XCConfigurationList;
			buildConfigurations = (
				E10311021E5818F100E50751 /* Debug */,
				E10311031E5818F100E50751 /* Release */,
			);
			defaultConfigurationIsVisible = 0;
			defaultConfigurationName = Release;
		};
		E10311041E5818F100E50751 /* Build configuration list for PBXNativeTarget "Guardian" */ = {
			isa = XCConfigurationList;
			buildConfigurations = (
				E10311051E5818F100E50751 /* Debug */,
				E10311061E5818F100E50751 /* Release */,
			);
			defaultConfigurationIsVisible = 0;
			defaultConfigurationName = Release;
		};
		E10311071E5818F100E50751 /* Build configuration list for PBXNativeTarget "GuardianTests" */ = {
			isa = XCConfigurationList;
			buildConfigurations = (
				E10311081E5818F100E50751 /* Debug */,
				E10311091E5818F100E50751 /* Release */,
			);
			defaultConfigurationIsVisible = 0;
			defaultConfigurationName = Release;
		};
/* End XCConfigurationList section */
	};
	rootObject = E10310DF1E5818F100E50751 /* Project object */;
}
